<?xml version="1.0" encoding="utf-8"?>
<Project ToolsVersion="4.0" xmlns="http://schemas.microsoft.com/developer/msbuild/2003">
  <ItemGroup>
    <Filter Include="Source Files">
      <UniqueIdentifier>{4FC737F1-C7A5-4376-A066-2A32D752A2FF}</UniqueIdentifier>
      <Extensions>cpp;c;cc;cxx;c++;cppm;ixx;def;odl;idl;hpj;bat;asm;asmx</Extensions>
    </Filter>
    <Filter Include="Header Files">
      <UniqueIdentifier>{93995380-89BD-4b04-88EB-625FBE52EBFB}</UniqueIdentifier>
      <Extensions>h;hh;hpp;hxx;h++;hm;inl;inc;ipp;xsd</Extensions>
    </Filter>
    <Filter Include="Resource Files">
      <UniqueIdentifier>{67DA6AB6-F800-4c08-8B7A-83BB121AAD01}</UniqueIdentifier>
      <Extensions>rc;ico;cur;bmp;dlg;rc2;rct;bin;rgs;gif;jpg;jpeg;jpe;resx;tiff;tif;png;wav;mfcribbon-ms</Extensions>
    </Filter>
  </ItemGroup>
  <ItemGroup>
    <ClInclude Include="fms_sqlite.h">
      <Filter>Header Files</Filter>
    </ClInclude>
    <ClInclude Include="xll_sqlite.h">
      <Filter>Header Files</Filter>
    </ClInclude>
    <ClInclude Include="xll_text.h">
      <Filter>Header Files</Filter>
    </ClInclude>
    <ClInclude Include="fms_parse.h">
      <Filter>Header Files</Filter>
    </ClInclude>
    <ClInclude Include="win_mem_view.h">
      <Filter>Header Files</Filter>
    </ClInclude>
    <ClInclude Include="xll_mem_oper.h">
      <Filter>Header Files</Filter>
    </ClInclude>
    <ClInclude Include="sqlite-amalgamation-3390400\sqlite3.h">
      <Filter>Header Files</Filter>
    </ClInclude>
  </ItemGroup>
  <ItemGroup>
    <ClCompile Include="xll_sqlite_table.cpp">
      <Filter>Source Files</Filter>
    </ClCompile>
    <ClCompile Include="xll_sqlite_db.cpp">
      <Filter>Source Files</Filter>
    </ClCompile>
    <ClCompile Include="xll_sqlite_pragma.cpp">
      <Filter>Source Files</Filter>
    </ClCompile>
    <ClCompile Include="xll_sqlite_stmt.cpp">
      <Filter>Source Files</Filter>
    </ClCompile>
    <ClCompile Include="sqlite-amalgamation-3390400\sqlite3.c">
      <Filter>Source Files</Filter>
    </ClCompile>
  </ItemGroup>
  <ItemGroup>
    <None Include="README.md" />
  </ItemGroup>
</Project>